
Microsoft Visual Studio Solution File, Format Version 12.00
# Visual Studio Version 17
VisualStudioVersion = 17.10.34928.147
MinimumVisualStudioVersion = 10.0.40219.1
Project("{FAE04EC0-301F-11D3-BF4B-00C04F79EFBC}") = "MiniBioApp", "MiniBioApp\MiniBioApp.csproj", "{CE55C7BA-D4A9-470B-B9ED-54E5FA681D94}"
EndProject
Global
	GlobalSection(SolutionConfigurationPlatforms) = preSolution
		Debug|Any CPU = Debug|Any CPU
		Release|Any CPU = Release|Any CPU
	EndGlobalSection
	GlobalSection(ProjectConfigurationPlatforms) = postSolution
		{CE55C7BA-D4A9-470B-B9ED-54E5FA681D94}.Debug|Any CPU.ActiveCfg = Debug|Any CPU
		{CE55C7BA-D4A9-470B-B9ED-54E5FA681D94}.Debug|Any CPU.Build.0 = Debug|Any CPU
		{CE55C7BA-D4A9-470B-B9ED-54E5FA681D94}.Release|Any CPU.ActiveCfg = Release|Any CPU
		{CE55C7BA-D4A9-470B-B9ED-54E5FA681D94}.Release|Any CPU.Build.0 = Release|Any CPU
	EndGlobalSection
	GlobalSection(SolutionProperties) = preSolution
		HideSolutionNode = FALSE
	EndGlobalSection
	GlobalSection(ExtensibilityGlobals) = postSolution
		SolutionGuid = {93D513C4-E175-4B14-92CF-EA325EA0B8FC}
	EndGlobalSection
EndGlobal
